
Microsoft Visual Studio Solution File, Format Version 12.00
# Visual Studio 15
VisualStudioVersion = 15.0.26430.15
MinimumVisualStudioVersion = 10.0.40219.1
Project("{FAE04EC0-301F-11D3-BF4B-00C04F79EFBC}") = "SpellChecker.Android", "SpellChecker\SpellChecker.Android\SpellChecker.Android.csproj", "{29A412EB-7553-4695-A2FB-0D91DFC49597}"
EndProject
Project("{FAE04EC0-301F-11D3-BF4B-00C04F79EFBC}") = "SpellChecker", "SpellChecker\SpellChecker\SpellChecker.csproj", "{0CE5BA68-5F3D-422D-8365-00DDE342B0FF}"
EndProject
Project("{FAE04EC0-301F-11D3-BF4B-00C04F79EFBC}") = "SpellChecker.iOS", "SpellChecker\SpellChecker.iOS\SpellChecker.iOS.csproj", "{91554059-A4B8-499D-9594-A45E16DC2D32}"
EndProject
Global
	GlobalSection(SolutionConfigurationPlatforms) = preSolution
		Ad-Hoc|Any CPU = Ad-Hoc|Any CPU
		Ad-Hoc|iPhone = Ad-Hoc|iPhone
		Ad-Hoc|iPhoneSimulator = Ad-Hoc|iPhoneSimulator
		AppStore|Any CPU = AppStore|Any CPU
		AppStore|iPhone = AppStore|iPhone
		AppStore|iPhoneSimulator = AppStore|iPhoneSimulator
		Debug|Any CPU = Debug|Any CPU
		Debug|iPhone = Debug|iPhone
		Debug|iPhoneSimulator = Debug|iPhoneSimulator
		Release|Any CPU = Release|Any CPU
		Release|iPhone = Release|iPhone
		Release|iPhoneSimulator = Release|iPhoneSimulator
	EndGlobalSection
	GlobalSection(ProjectConfigurationPlatforms) = postSolution
		{29A412EB-7553-4695-A2FB-0D91DFC49597}.Ad-Hoc|Any CPU.ActiveCfg = Release|Any CPU
		{29A412EB-7553-4695-A2FB-0D91DFC49597}.Ad-Hoc|Any CPU.Build.0 = Release|Any CPU
		{29A412EB-7553-4695-A2FB-0D91DFC49597}.Ad-Hoc|Any CPU.Deploy.0 = Release|Any CPU
		{29A412EB-7553-4695-A2FB-0D91DFC49597}.Ad-Hoc|iPhone.ActiveCfg = Release|Any CPU
		{29A412EB-7553-4695-A2FB-0D91DFC49597}.Ad-Hoc|iPhone.Build.0 = Release|Any CPU
		{29A412EB-7553-4695-A2FB-0D91DFC49597}.Ad-Hoc|iPhone.Deploy.0 = Release|Any CPU
		{29A412EB-7553-4695-A2FB-0D91DFC49597}.Ad-Hoc|iPhoneSimulator.ActiveCfg = Release|Any CPU
		{29A412EB-7553-4695-A2FB-0D91DFC49597}.Ad-Hoc|iPhoneSimulator.Build.0 = Release|Any CPU
		{29A412EB-7553-4695-A2FB-0D91DFC49597}.Ad-Hoc|iPhoneSimulator.Deploy.0 = Release|Any CPU
		{29A412EB-7553-4695-A2FB-0D91DFC49597}.AppStore|Any CPU.ActiveCfg = Release|Any CPU
		{29A412EB-7553-4695-A2FB-0D91DFC49597}.AppStore|Any CPU.Build.0 = Release|Any CPU
		{29A412EB-7553-4695-A2FB-0D91DFC49597}.AppStore|Any CPU.Deploy.0 = Release|Any CPU
		{29A412EB-7553-4695-A2FB-0D91DFC49597}.AppStore|iPhone.ActiveCfg = Release|Any CPU
		{29A412EB-7553-4695-A2FB-0D91DFC49597}.AppStore|iPhone.Build.0 = Release|Any CPU
		{29A412EB-7553-4695-A2FB-0D91DFC49597}.AppStore|iPhone.Deploy.0 = Release|Any CPU
		{29A412EB-7553-4695-A2FB-0D91DFC49597}.AppStore|iPhoneSimulator.ActiveCfg = Release|Any CPU
		{29A412EB-7553-4695-A2FB-0D91DFC49597}.AppStore|iPhoneSimulator.Build.0 = Release|Any CPU
		{29A412EB-7553-4695-A2FB-0D91DFC49597}.AppStore|iPhoneSimulator.Deploy.0 = Release|Any CPU
		{29A412EB-7553-4695-A2FB-0D91DFC49597}.Debug|Any CPU.ActiveCfg = Debug|Any CPU
		{29A412EB-7553-4695-A2FB-0D91DFC49597}.Debug|Any CPU.Build.0 = Debug|Any CPU
		{29A412EB-7553-4695-A2FB-0D91DFC49597}.Debug|Any CPU.Deploy.0 = Debug|Any CPU
		{29A412EB-7553-4695-A2FB-0D91DFC49597}.Debug|iPhone.ActiveCfg = Debug|Any CPU
		{29A412EB-7553-4695-A2FB-0D91DFC49597}.Debug|iPhone.Build.0 = Debug|Any CPU
		{29A412EB-7553-4695-A2FB-0D91DFC49597}.Debug|iPhone.Deploy.0 = Debug|Any CPU
		{29A412EB-7553-4695-A2FB-0D91DFC49597}.Debug|iPhoneSimulator.ActiveCfg = Debug|Any CPU
		{29A412EB-7553-4695-A2FB-0D91DFC49597}.Debug|iPhoneSimulator.Build.0 = Debug|Any CPU
		{29A412EB-7553-4695-A2FB-0D91DFC49597}.Debug|iPhoneSimulator.Deploy.0 = Debug|Any CPU
		{29A412EB-7553-4695-A2FB-0D91DFC49597}.Release|Any CPU.ActiveCfg = Release|Any CPU
		{29A412EB-7553-4695-A2FB-0D91DFC49597}.Release|Any CPU.Build.0 = Release|Any CPU
		{29A412EB-7553-4695-A2FB-0D91DFC49597}.Release|Any CPU.Deploy.0 = Release|Any CPU
		{29A412EB-7553-4695-A2FB-0D91DFC49597}.Release|iPhone.ActiveCfg = Release|Any CPU
		{29A412EB-7553-4695-A2FB-0D91DFC49597}.Release|iPhone.Build.0 = Release|Any CPU
		{29A412EB-7553-4695-A2FB-0D91DFC49597}.Release|iPhone.Deploy.0 = Release|Any CPU
		{29A412EB-7553-4695-A2FB-0D91DFC49597}.Release|iPhoneSimulator.ActiveCfg = Release|Any CPU
		{29A412EB-7553-4695-A2FB-0D91DFC49597}.Release|iPhoneSimulator.Build.0 = Release|Any CPU
		{29A412EB-7553-4695-A2FB-0D91DFC49597}.Release|iPhoneSimulator.Deploy.0 = Release|Any CPU
		{0CE5BA68-5F3D-422D-8365-00DDE342B0FF}.Ad-Hoc|Any CPU.ActiveCfg = Release|Any CPU
		{0CE5BA68-5F3D-422D-8365-00DDE342B0FF}.Ad-Hoc|Any CPU.Build.0 = Release|Any CPU
		{0CE5BA68-5F3D-422D-8365-00DDE342B0FF}.Ad-Hoc|iPhone.ActiveCfg = Release|Any CPU
		{0CE5BA68-5F3D-422D-8365-00DDE342B0FF}.Ad-Hoc|iPhone.Build.0 = Release|Any CPU
		{0CE5BA68-5F3D-422D-8365-00DDE342B0FF}.Ad-Hoc|iPhoneSimulator.ActiveCfg = Release|Any CPU
		{0CE5BA68-5F3D-422D-8365-00DDE342B0FF}.Ad-Hoc|iPhoneSimulator.Build.0 = Release|Any CPU
		{0CE5BA68-5F3D-422D-8365-00DDE342B0FF}.AppStore|Any CPU.ActiveCfg = Release|Any CPU
		{0CE5BA68-5F3D-422D-8365-00DDE342B0FF}.AppStore|Any CPU.Build.0 = Release|Any CPU
		{0CE5BA68-5F3D-422D-8365-00DDE342B0FF}.AppStore|iPhone.ActiveCfg = Release|Any CPU
		{0CE5BA68-5F3D-422D-8365-00DDE342B0FF}.AppStore|iPhone.Build.0 = Release|Any CPU
		{0CE5BA68-5F3D-422D-8365-00DDE342B0FF}.AppStore|iPhoneSimulator.ActiveCfg = Release|Any CPU
		{0CE5BA68-5F3D-422D-8365-00DDE342B0FF}.AppStore|iPhoneSimulator.Build.0 = Release|Any CPU
		{0CE5BA68-5F3D-422D-8365-00DDE342B0FF}.Debug|Any CPU.ActiveCfg = Debug|Any CPU
		{0CE5BA68-5F3D-422D-8365-00DDE342B0FF}.Debug|Any CPU.Build.0 = Debug|Any CPU
		{0CE5BA68-5F3D-422D-8365-00DDE342B0FF}.Debug|iPhone.ActiveCfg = Debug|Any CPU
		{0CE5BA68-5F3D-422D-8365-00DDE342B0FF}.Debug|iPhone.Build.0 = Debug|Any CPU
		{0CE5BA68-5F3D-422D-8365-00DDE342B0FF}.Debug|iPhoneSimulator.ActiveCfg = Debug|Any CPU
		{0CE5BA68-5F3D-422D-8365-00DDE342B0FF}.Debug|iPhoneSimulator.Build.0 = Debug|Any CPU
		{0CE5BA68-5F3D-422D-8365-00DDE342B0FF}.Release|Any CPU.ActiveCfg = Release|Any CPU
		{0CE5BA68-5F3D-422D-8365-00DDE342B0FF}.Release|Any CPU.Build.0 = Release|Any CPU
		{0CE5BA68-5F3D-422D-8365-00DDE342B0FF}.Release|iPhone.ActiveCfg = Release|Any CPU
		{0CE5BA68-5F3D-422D-8365-00DDE342B0FF}.Release|iPhone.Build.0 = Release|Any CPU
		{0CE5BA68-5F3D-422D-8365-00DDE342B0FF}.Release|iPhoneSimulator.ActiveCfg = Release|Any CPU
		{0CE5BA68-5F3D-422D-8365-00DDE342B0FF}.Release|iPhoneSimulator.Build.0 = Release|Any CPU
		{91554059-A4B8-499D-9594-A45E16DC2D32}.Ad-Hoc|Any CPU.ActiveCfg = Ad-Hoc|iPhone
		{91554059-A4B8-499D-9594-A45E16DC2D32}.Ad-Hoc|iPhone.ActiveCfg = Ad-Hoc|iPhone
		{91554059-A4B8-499D-9594-A45E16DC2D32}.Ad-Hoc|iPhone.Build.0 = Ad-Hoc|iPhone
		{91554059-A4B8-499D-9594-A45E16DC2D32}.Ad-Hoc|iPhoneSimulator.ActiveCfg = Ad-Hoc|iPhoneSimulator
		{91554059-A4B8-499D-9594-A45E16DC2D32}.Ad-Hoc|iPhoneSimulator.Build.0 = Ad-Hoc|iPhoneSimulator
		{91554059-A4B8-499D-9594-A45E16DC2D32}.AppStore|Any CPU.ActiveCfg = AppStore|iPhone
		{91554059-A4B8-499D-9594-A45E16DC2D32}.AppStore|iPhone.ActiveCfg = AppStore|iPhone
		{91554059-A4B8-499D-9594-A45E16DC2D32}.AppStore|iPhone.Build.0 = AppStore|iPhone
		{91554059-A4B8-499D-9594-A45E16DC2D32}.AppStore|iPhoneSimulator.ActiveCfg = AppStore|iPhoneSimulator
		{91554059-A4B8-499D-9594-A45E16DC2D32}.AppStore|iPhoneSimulator.Build.0 = AppStore|iPhoneSimulator
		{91554059-A4B8-499D-9594-A45E16DC2D32}.Debug|Any CPU.ActiveCfg = Debug|iPhone
		{91554059-A4B8-499D-9594-A45E16DC2D32}.Debug|iPhone.ActiveCfg = Debug|iPhone
		{91554059-A4B8-499D-9594-A45E16DC2D32}.Debug|iPhone.Build.0 = Debug|iPhone
		{91554059-A4B8-499D-9594-A45E16DC2D32}.Debug|iPhoneSimulator.ActiveCfg = Debug|iPhoneSimulator
		{91554059-A4B8-499D-9594-A45E16DC2D32}.Debug|iPhoneSimulator.Build.0 = Debug|iPhoneSimulator
		{91554059-A4B8-499D-9594-A45E16DC2D32}.Release|Any CPU.ActiveCfg = Release|iPhone
		{91554059-A4B8-499D-9594-A45E16DC2D32}.Release|iPhone.ActiveCfg = Release|iPhone
		{91554059-A4B8-499D-9594-A45E16DC2D32}.Release|iPhone.Build.0 = Release|iPhone
		{91554059-A4B8-499D-9594-A45E16DC2D32}.Release|iPhoneSimulator.ActiveCfg = Release|iPhoneSimulator
		{91554059-A4B8-499D-9594-A45E16DC2D32}.Release|iPhoneSimulator.Build.0 = Release|iPhoneSimulator
	EndGlobalSection
	GlobalSection(SolutionProperties) = preSolution
		HideSolutionNode = FALSE
	EndGlobalSection
EndGlobal
